
Microsoft Visual Studio Solution File, Format Version 12.00
# Visual Studio Version 16
VisualStudioVersion = 16.0.810.5
MinimumVisualStudioVersion = 10.0.40219.1
Project("{FAE04EC0-301F-11D3-BF4B-00C04F79EFBC}") = "apiPlayground", "apiPlayground\apiPlayground.csproj", "{ABF8BFFB-F192-45A0-AB87-CBBE1CE98C72}"
EndProject
Global
	GlobalSection(SolutionConfigurationPlatforms) = preSolution
		Debug|Any CPU = Debug|Any CPU
		Release|Any CPU = Release|Any CPU
	EndGlobalSection
	GlobalSection(ProjectConfigurationPlatforms) = postSolution
		{ABF8BFFB-F192-45A0-AB87-CBBE1CE98C72}.Debug|Any CPU.ActiveCfg = Debug|Any CPU
		{ABF8BFFB-F192-45A0-AB87-CBBE1CE98C72}.Debug|Any CPU.Build.0 = Debug|Any CPU
		{ABF8BFFB-F192-45A0-AB87-CBBE1CE98C72}.Release|Any CPU.ActiveCfg = Release|Any CPU
		{ABF8BFFB-F192-45A0-AB87-CBBE1CE98C72}.Release|Any CPU.Build.0 = Release|Any CPU
	EndGlobalSection
	GlobalSection(SolutionProperties) = preSolution
		HideSolutionNode = FALSE
	EndGlobalSection
	GlobalSection(ExtensibilityGlobals) = postSolution
		SolutionGuid = {6A43EAEA-C456-4961-92B8-4AE1FEEFE946}
	EndGlobalSection
EndGlobal
